
Microsoft Visual Studio Solution File, Format Version 12.00
# Visual Studio Version 17
VisualStudioVersion = 17.0.31912.275
MinimumVisualStudioVersion = 10.0.40219.1
Project("{9A19103F-16F7-4668-BE54-9A1E7A4F7556}") = "SolvaBot", "SolvaBot.csproj", "{66FFD43E-F579-401D-B7DA-F8B7E24CD361}"
EndProject
Global
	GlobalSection(SolutionConfigurationPlatforms) = preSolution
		Debug|Any CPU = Debug|Any CPU
		Release|Any CPU = Release|Any CPU
	EndGlobalSection
	GlobalSection(ProjectConfigurationPlatforms) = postSolution
		{66FFD43E-F579-401D-B7DA-F8B7E24CD361}.Debug|Any CPU.ActiveCfg = Debug|Any CPU
		{66FFD43E-F579-401D-B7DA-F8B7E24CD361}.Debug|Any CPU.Build.0 = Debug|Any CPU
		{66FFD43E-F579-401D-B7DA-F8B7E24CD361}.Release|Any CPU.ActiveCfg = Release|Any CPU
		{66FFD43E-F579-401D-B7DA-F8B7E24CD361}.Release|Any CPU.Build.0 = Release|Any CPU
	EndGlobalSection
	GlobalSection(SolutionProperties) = preSolution
		HideSolutionNode = FALSE
	EndGlobalSection
	GlobalSection(ExtensibilityGlobals) = postSolution
		SolutionGuid = {A95BA13F-1E75-496F-823F-9A82C90FE2F7}
	EndGlobalSection
EndGlobal
